PODS:
  - FPSCounter (2.1.0)
  - PINCache (3.0.1-beta.6):
    - PINCache/Arc-exception-safe (= 3.0.1-beta.6)
    - PINCache/Core (= 3.0.1-beta.6)
  - PINCache/Arc-exception-safe (3.0.1-beta.6):
    - PINCache/Core
  - PINCache/Core (3.0.1-beta.6):
    - PINOperation (~> 1.1.0)
  - PINOperation (1.1.1)
  - PINRemoteImage/Core (3.0.0-beta.13):
    - PINOperation
  - PINRemoteImage/iOS (3.0.0-beta.13):
    - PINRemoteImage/Core
  - PINRemoteImage/PINCache (3.0.0-beta.13):
    - PINCache (= 3.0.1-beta.6)
    - PINRemoteImage/Core
  - Texture (2.6):
    - Texture/PINRemoteImage (= 2.6)
  - Texture/Core (2.6)
  - Texture/PINRemoteImage (2.6):
    - PINRemoteImage/iOS (= 3.0.0-beta.13)
    - PINRemoteImage/PINCache
    - Texture/Core

DEPENDENCIES:
  - FPSCounter (~> 2.1)
  - Texture

SPEC REPOS:
  http://i.ti-link.com.cn/artifactory/api/pods/remote-pods:
    - FPSCounter
    - PINCache
    - PINOperation
    - PINRemoteImage
    - Texture

SPEC CHECKSUMS:
  FPSCounter: 21ba723e60700d69727b9f8c2de0daa3dae38918
  PINCache: 23a829be7478ae2cdec85040138e3dc7ead4ffde
  PINOperation: 4f7d7f95ae7ef90a643b3fc803c0e1c2cc80bf5e
  PINRemoteImage: 1631ca6b40154f542c9c39a7e98c0c6f571020ea
  Texture: 2a5d30ce71f348e72f2f1903957f0b154a5cbfc5

PODFILE CHECKSUM: 8f8ccba1bf5fff9d14e844895b25b465b818d33c

COCOAPODS: 1.5.3
